
Microsoft Visual Studio Solution File, Format Version 12.00
# Visual Studio 15
VisualStudioVersion = 15.0.27703.2018
MinimumVisualStudioVersion = 10.0.40219.1
Project("{FAE04EC0-301F-11D3-BF4B-00C04F79EFBC}") = "PicStudios", "PicStudios\PicStudios.csproj", "{89F3F063-816D-4CC8-A233-4E6C792FE6EA}"
EndProject
Global
	GlobalSection(SolutionConfigurationPlatforms) = preSolution
		Debug|Any CPU = Debug|Any CPU
		Release|Any CPU = Release|Any CPU
	EndGlobalSection
	GlobalSection(ProjectConfigurationPlatforms) = postSolution
		{89F3F063-816D-4CC8-A233-4E6C792FE6EA}.Debug|Any CPU.ActiveCfg = Debug|Any CPU
		{89F3F063-816D-4CC8-A233-4E6C792FE6EA}.Debug|Any CPU.Build.0 = Debug|Any CPU
		{89F3F063-816D-4CC8-A233-4E6C792FE6EA}.Release|Any CPU.ActiveCfg = Release|Any CPU
		{89F3F063-816D-4CC8-A233-4E6C792FE6EA}.Release|Any CPU.Build.0 = Release|Any CPU
	EndGlobalSection
	GlobalSection(SolutionProperties) = preSolution
		HideSolutionNode = FALSE
	EndGlobalSection
	GlobalSection(ExtensibilityGlobals) = postSolution
		SolutionGuid = {A044C862-4E8C-4111-8A82-FE22B264E11F}
	EndGlobalSection
EndGlobal
